
Microsoft Visual Studio Solution File, Format Version 12.00
# Visual Studio Version 17
VisualStudioVersion = 17.7.34221.43
MinimumVisualStudioVersion = 10.0.40219.1
Project("{9A19103F-16F7-4668-BE54-9A1E7A4F7556}") = "booking_VillageNewbies", "booking_VillageNewbies.csproj", "{F8521A72-616E-4A38-AF9A-B5E3420B2DCF}"
EndProject
Project("{2150E333-8FDC-42A3-9474-1A3956D46DE8}") = "Solution Items", "Solution Items", "{5A0CDC5E-3727-42B7-9833-924A486DB4BB}"
	ProjectSection(SolutionItems) = preProject
		Alue.cs = Alue.cs
		Asiakas.cs = Asiakas.cs
		Lasku.cs = Lasku.cs
		Mokki.cs = Mokki.cs
		Palvelu.cs = Palvelu.cs
		Posti.cs = Posti.cs
		VarauksenPalvelut.cs = VarauksenPalvelut.cs
		Varaus.cs = Varaus.cs
	EndProjectSection
EndProject
Global
	GlobalSection(SolutionConfigurationPlatforms) = preSolution
		Debug|Any CPU = Debug|Any CPU
		Release|Any CPU = Release|Any CPU
	EndGlobalSection
	GlobalSection(ProjectConfigurationPlatforms) = postSolution
		{F8521A72-616E-4A38-AF9A-B5E3420B2DCF}.Debug|Any CPU.ActiveCfg = Debug|Any CPU
		{F8521A72-616E-4A38-AF9A-B5E3420B2DCF}.Debug|Any CPU.Build.0 = Debug|Any CPU
		{F8521A72-616E-4A38-AF9A-B5E3420B2DCF}.Debug|Any CPU.Deploy.0 = Debug|Any CPU
		{F8521A72-616E-4A38-AF9A-B5E3420B2DCF}.Release|Any CPU.ActiveCfg = Release|Any CPU
		{F8521A72-616E-4A38-AF9A-B5E3420B2DCF}.Release|Any CPU.Build.0 = Release|Any CPU
		{F8521A72-616E-4A38-AF9A-B5E3420B2DCF}.Release|Any CPU.Deploy.0 = Release|Any CPU
	EndGlobalSection
	GlobalSection(SolutionProperties) = preSolution
		HideSolutionNode = FALSE
	EndGlobalSection
	GlobalSection(ExtensibilityGlobals) = postSolution
		SolutionGuid = {969171CA-C78A-4284-A359-6551F6B7726B}
	EndGlobalSection
EndGlobal
